
Microsoft Visual Studio Solution File, Format Version 12.00
# Visual Studio Version 16
VisualStudioVersion = 16.0.30907.101
MinimumVisualStudioVersion = 10.0.40219.1
Project("{FAE04EC0-301F-11D3-BF4B-00C04F79EFBC}") = "NutriLinkTester", "NutriLinkTester\NutriLinkTester.csproj", "{FF129EA3-050E-4D65-95BE-783C985CB010}"
EndProject
Project("{FAE04EC0-301F-11D3-BF4B-00C04F79EFBC}") = "WebApplication", "WebApplication\WebApplication.csproj", "{6F0EB3A0-E40D-45DA-A286-6CA0E4533447}"
EndProject
Global
	GlobalSection(SolutionConfigurationPlatforms) = preSolution
		Debug|Any CPU = Debug|Any CPU
		Release|Any CPU = Release|Any CPU
	EndGlobalSection
	GlobalSection(ProjectConfigurationPlatforms) = postSolution
		{FF129EA3-050E-4D65-95BE-783C985CB010}.Debug|Any CPU.ActiveCfg = Debug|Any CPU
		{FF129EA3-050E-4D65-95BE-783C985CB010}.Debug|Any CPU.Build.0 = Debug|Any CPU
		{FF129EA3-050E-4D65-95BE-783C985CB010}.Release|Any CPU.ActiveCfg = Release|Any CPU
		{FF129EA3-050E-4D65-95BE-783C985CB010}.Release|Any CPU.Build.0 = Release|Any CPU
		{6F0EB3A0-E40D-45DA-A286-6CA0E4533447}.Debug|Any CPU.ActiveCfg = Debug|Any CPU
		{6F0EB3A0-E40D-45DA-A286-6CA0E4533447}.Debug|Any CPU.Build.0 = Debug|Any CPU
		{6F0EB3A0-E40D-45DA-A286-6CA0E4533447}.Release|Any CPU.ActiveCfg = Release|Any CPU
		{6F0EB3A0-E40D-45DA-A286-6CA0E4533447}.Release|Any CPU.Build.0 = Release|Any CPU
	EndGlobalSection
	GlobalSection(SolutionProperties) = preSolution
		HideSolutionNode = FALSE
	EndGlobalSection
	GlobalSection(ExtensibilityGlobals) = postSolution
		SolutionGuid = {A4C7F5E8-385C-4281-B1F0-688D30DBF8E6}
	EndGlobalSection
EndGlobal
